// !$*UTF8*$!
{
	archiveVersion = 1;
	classes = {
	};
	objectVersion = 46;
	objects = {

/* Begin PBXBuildFile section */
		620E57241F700931000BCBD6 /* playsoundsviewcontroller-audio.swift in Sources */ = {isa = PBXBuildFile; fileRef = 620E57231F700931000BCBD6 /* playsoundsviewcontroller-audio.swift */; };
		62DE061D1F6E9D5800D7CA13 /* AppDelegate.swift in Sources */ = {isa = PBXBuildFile; fileRef = 62DE061C1F6E9D5800D7CA13 /* AppDelegate.swift */; };
		62DE061F1F6E9D5800D7CA13 /* RecordSoundsViewController.swift in Sources */ = {isa = PBXBuildFile; fileRef = 62DE061E1F6E9D5800D7CA13 /* RecordSoundsViewController.swift */; };
		62DE06221F6E9D5800D7CA13 /* Main.storyboard in Resources */ = {isa = PBXBuildFile; fileRef = 62DE06201F6E9D5800D7CA13 /* Main.storyboard */; };
		62DE06241F6E9D5800D7CA13 /* Assets.xcassets in Resources */ = {isa = PBXBuildFile; fileRef = 62DE06231F6E9D5800D7CA13 /* Assets.xcassets */; };
		62DE06271F6E9D5800D7CA13 /* LaunchScreen.storyboard in Resources */ = {isa = PBXBuildFile; fileRef = 62DE06251F6E9D5800D7CA13 /* LaunchScreen.storyboard */; };
		62DE062F1F6EB04D00D7CA13 /* PlaySoundsViewController.swift in Sources */ = {isa = PBXBuildFile; fileRef = 62DE062E1F6EB04D00D7CA13 /* PlaySoundsViewController.swift */; };
/* End PBXBuildFile section */

/* Begin PBXFileReference section */
		620E57231F700931000BCBD6 /* playsoundsviewcontroller-audio.swift */ = {isa = PBXFileReference; fileEncoding = 4; lastKnownFileType = sourcecode.swift; path = "playsoundsviewcontroller-audio.swift"; sourceTree = "<group>"; };
		62DE06191F6E9D5800D7CA13 /* PitchPerfect.app */ = {isa = PBXFileReference; explicitFileType = wrapper.application; includeInIndex = 0; path = PitchPerfect.app; sourceTree = BUILT_PRODUCTS_DIR; };
		62DE061C1F6E9D5800D7CA13 /* AppDelegate.swift */ = {isa = PBXFileReference; lastKnownFileType = sourcecode.swift; path = AppDelegate.swift; sourceTree = "<group>"; };
		62DE061E1F6E9D5800D7CA13 /* RecordSoundsViewController.swift */ = {isa = PBXFileReference; lastKnownFileType = sourcecode.swift; path = RecordSoundsViewController.swift; sourceTree = "<group>"; };
		62DE06211F6E9D5800D7CA13 /* Base */ = {isa = PBXFileReference; lastKnownFileType = file.storyboard; name = Base; path = Base.lproj/Main.storyboard; sourceTree = "<group>"; };
		62DE06231F6E9D5800D7CA13 /* Assets.xcassets */ = {isa = PBXFileReference; lastKnownFileType = folder.assetcatalog; path = Assets.xcassets; sourceTree = "<group>"; };
		62DE06261F6E9D5800D7CA13 /* Base */ = {isa = PBXFileReference; lastKnownFileType = file.storyboard; name = Base; path = Base.lproj/LaunchScreen.storyboard; sourceTree = "<group>"; };
		62DE06281F6E9D5800D7CA13 /* Info.plist */ = {isa = PBXFileReference; lastKnownFileType = text.plist.xml; path = Info.plist; sourceTree = "<group>"; };
		62DE062E1F6EB04D00D7CA13 /* PlaySoundsViewController.swift */ = {isa = PBXFileReference; fileEncoding = 4; lastKnownFileType = sourcecode.swift; path = PlaySoundsViewController.swift; sourceTree = "<group>"; };
/* End PBXFileReference section */

/* Begin PBXFrameworksBuildPhase section */
		62DE06161F6E9D5800D7CA13 /* Frameworks */ = {
			isa = PBXFrameworksBuildPhase;
			buildActionMask = 2147483647;
			files = (
			);
			runOnlyForDeploymentPostprocessing = 0;
		};
/* End PBXFrameworksBuildPhase section */

/* Begin PBXGroup section */
		62DE06101F6E9D5800D7CA13 = {
			isa = PBXGroup;
			children = (
				62DE061B1F6E9D5800D7CA13 /* PitchPerfect */,
				62DE061A1F6E9D5800D7CA13 /* Products */,
			);
			sourceTree = "<group>";
		};
		62DE061A1F6E9D5800D7CA13 /* Products */ = {
			isa = PBXGroup;
			children = (
				62DE06191F6E9D5800D7CA13 /* PitchPerfect.app */,
			);
			name = Products;
			sourceTree = "<group>";
		};
		62DE061B1F6E9D5800D7CA13 /* PitchPerfect */ = {
			isa = PBXGroup;
			children = (
				62DE061C1F6E9D5800D7CA13 /* AppDelegate.swift */,
				62DE061E1F6E9D5800D7CA13 /* RecordSoundsViewController.swift */,
				62DE06201F6E9D5800D7CA13 /* Main.storyboard */,
				62DE06231F6E9D5800D7CA13 /* Assets.xcassets */,
				62DE06251F6E9D5800D7CA13 /* LaunchScreen.storyboard */,
				62DE06281F6E9D5800D7CA13 /* Info.plist */,
				62DE062E1F6EB04D00D7CA13 /* PlaySoundsViewController.swift */,
				620E57231F700931000BCBD6 /* playsoundsviewcontroller-audio.swift */,
			);
			path = PitchPerfect;
			sourceTree = "<group>";
		};
/* End PBXGroup section */

/* Begin PBXNativeTarget section */
		62DE06181F6E9D5800D7CA13 /* PitchPerfect */ = {
			isa = PBXNativeTarget;
			buildConfigurationList = 62DE062B1F6E9D5800D7CA13 /* Build configuration list for PBXNativeTarget "PitchPerfect" */;
			buildPhases = (
				62DE06151F6E9D5800D7CA13 /* Sources */,
				62DE06161F6E9D5800D7CA13 /* Frameworks */,
				62DE06171F6E9D5800D7CA13 /* Resources */,
			);
			buildRules = (
			);
			dependencies = (
			);
			name = PitchPerfect;
			productName = PitchPerfect;
			productReference = 62DE06191F6E9D5800D7CA13 /* PitchPerfect.app */;
			productType = "com.apple.product-type.application";
		};
/* End PBXNativeTarget section */

/* Begin PBXProject section */
		62DE06111F6E9D5800D7CA13 /* Project object */ = {
			isa = PBXProject;
			attributes = {
				LastSwiftUpdateCheck = 0830;
				LastUpgradeCheck = 0830;
				ORGANIZATIONNAME = "Jennifer Liu";
				TargetAttributes = {
					62DE06181F6E9D5800D7CA13 = {
						CreatedOnToolsVersion = 8.3.3;
						ProvisioningStyle = Automatic;
					};
				};
			};
			buildConfigurationList = 62DE06141F6E9D5800D7CA13 /* Build configuration list for PBXProject "PitchPerfect" */;
			compatibilityVersion = "Xcode 3.2";
			developmentRegion = English;
			hasScannedForEncodings = 0;
			knownRegions = (
				en,
				Base,
			);
			mainGroup = 62DE06101F6E9D5800D7CA13;
			productRefGroup = 62DE061A1F6E9D5800D7CA13 /* Products */;
			projectDirPath = "";
			projectRoot = "";
			targets = (
				62DE06181F6E9D5800D7CA13 /* PitchPerfect */,
			);
		};
/* End PBXProject section */

/* Begin PBXResourcesBuildPhase section */
		62DE06171F6E9D5800D7CA13 /* Resources */ = {
			isa = PBXResourcesBuildPhase;
			buildActionMask = 2147483647;
			files = (
				62DE06271F6E9D5800D7CA13 /* LaunchScreen.storyboard in Resources */,
				62DE06241F6E9D5800D7CA13 /* Assets.xcassets in Resources */,
				62DE06221F6E9D5800D7CA13 /* Main.storyboard in Resources */,
			);
			runOnlyForDeploymentPostprocessing = 0;
		};
/* End PBXResourcesBuildPhase section */

/* Begin PBXSourcesBuildPhase section */
		62DE06151F6E9D5800D7CA13 /* Sources */ = {
			isa = PBXSourcesBuildPhase;
			buildActionMask = 2147483647;
			files = (
				62DE061F1F6E9D5800D7CA13 /* RecordSoundsViewController.swift in Sources */,
				62DE062F1F6EB04D00D7CA13 /* PlaySoundsViewController.swift in Sources */,
				62DE061D1F6E9D5800D7CA13 /* AppDelegate.swift in Sources */,
				620E57241F700931000BCBD6 /* playsoundsviewcontroller-audio.swift in Sources */,
			);
			runOnlyForDeploymentPostprocessing = 0;
		};
/* End PBXSourcesBuildPhase section */

/* Begin PBXVariantGroup section */
		62DE06201F6E9D5800D7CA13 /* Main.storyboard */ = {
			isa = PBXVariantGroup;
			children = (
				62DE06211F6E9D5800D7CA13 /* Base */,
			);
			name = Main.storyboard;
			sourceTree = "<group>";
		};
		62DE06251F6E9D5800D7CA13 /* LaunchScreen.storyboard */ = {
			isa = PBXVariantGroup;
			children = (
				62DE06261F6E9D5800D7CA13 /* Base */,
			);
			name = LaunchScreen.storyboard;
			sourceTree = "<group>";
		};
/* End PBXVariantGroup section */

/* Begin XCBuildConfiguration section */
		62DE06291F6E9D5800D7CA13 /* Debug */ = {
			isa = XCBuildConfiguration;
			buildSettings = {
				ALWAYS_SEARCH_USER_PATHS = NO;
				CLANG_ANALYZER_NONNULL = YES;
				CLANG_ANALYZER_NUMBER_OBJECT_CONVERSION = YES_AGGRESSIVE;
				CLANG_CXX_LANGUAGE_STANDARD = "gnu++0x";
				CLANG_CXX_LIBRARY = "libc++";
				CLANG_ENABLE_MODULES = YES;
				CLANG_ENABLE_OBJC_ARC = YES;
				CLANG_WARN_BOOL_CONVERSION = YES;
				CLANG_WARN_CONSTANT_CONVERSION = YES;
				CLANG_WARN_DIRECT_OBJC_ISA_USAGE = YES_ERROR;
				CLANG_WARN_DOCUMENTATION_COMMENTS = YES;
				CLANG_WARN_EMPTY_BODY = YES;
				CLANG_WARN_ENUM_CONVERSION = YES;
				CLANG_WARN_INFINITE_RECURSION = YES;
				CLANG_WARN_INT_CONVERSION = YES;
				CLANG_WARN_OBJC_ROOT_CLASS = YES_ERROR;
				CLANG_WARN_SUSPICIOUS_MOVE = YES;
				CLANG_WARN_UNREACHABLE_CODE = YES;
				CLANG_WARN__DUPLICATE_METHOD_MATCH = YES;
				"CODE_SIGN_IDENTITY[sdk=iphoneos*]" = "iPhone Developer";
				COPY_PHASE_STRIP = NO;
				DEBUG_INFORMATION_FORMAT = dwarf;
				ENABLE_STRICT_OBJC_MSGSEND = YES;
				ENABLE_TESTABILITY = YES;
				GCC_C_LANGUAGE_STANDARD = gnu99;
				GCC_DYNAMIC_NO_PIC = NO;
				GCC_NO_COMMON_BLOCKS = YES;
				GCC_OPTIMIZATION_LEVEL = 0;
				GCC_PREPROCESSOR_DEFINITIONS = (
					"DEBUG=1",
					"$(inherited)",
				);
				GCC_WARN_64_TO_32_BIT_CONVERSION = YES;
				GCC_WARN_ABOUT_RETURN_TYPE = YES_ERROR;
				GCC_WARN_UNDECLARED_SELECTOR = YES;
				GCC_WARN_UNINITIALIZED_AUTOS = YES_AGGRESSIVE;
				GCC_WARN_UNUSED_FUNCTION = YES;
				GCC_WARN_UNUSED_VARIABLE = YES;
				IPHONEOS_DEPLOYMENT_TARGET = 10.3;
				MTL_ENABLE_DEBUG_INFO = YES;
				ONLY_ACTIVE_ARCH = YES;
				SDKROOT = iphoneos;
				SWIFT_ACTIVE_COMPILATION_CONDITIONS = DEBUG;
				SWIFT_OPTIMIZATION_LEVEL = "-Onone";
				TARGETED_DEVICE_FAMILY = "1,2";
			};
			name = Debug;
		};
		62DE062A1F6E9D5800D7CA13 /* Release */ = {
			isa = XCBuildConfiguration;
			buildSettings = {
				ALWAYS_SEARCH_USER_PATHS = NO;
				CLANG_ANALYZER_NONNULL = YES;
				CLANG_ANALYZER_NUMBER_OBJECT_CONVERSION = YES_AGGRESSIVE;
				CLANG_CXX_LANGUAGE_STANDARD = "gnu++0x";
				CLANG_CXX_LIBRARY = "libc++";
				CLANG_ENABLE_MODULES = YES;
				CLANG_ENABLE_OBJC_ARC = YES;
				CLANG_WARN_BOOL_CONVERSION = YES;
				CLANG_WARN_CONSTANT_CONVERSION = YES;
				CLANG_WARN_DIRECT_OBJC_ISA_USAGE = YES_ERROR;
				CLANG_WARN_DOCUMENTATION_COMMENTS = YES;
				CLANG_WARN_EMPTY_BODY = YES;
				CLANG_WARN_ENUM_CONVERSION = YES;
				CLANG_WARN_INFINITE_RECURSION = YES;
				CLANG_WARN_INT_CONVERSION = YES;
				CLANG_WARN_OBJC_ROOT_CLASS = YES_ERROR;
				CLANG_WARN_SUSPICIOUS_MOVE = YES;
				CLANG_WARN_UNREACHABLE_CODE = YES;
				CLANG_WARN__DUPLICATE_METHOD_MATCH = YES;
				"CODE_SIGN_IDENTITY[sdk=iphoneos*]" = "iPhone Developer";
				COPY_PHASE_STRIP = NO;
				DEBUG_INFORMATION_FORMAT = "dwarf-with-dsym";
				ENABLE_NS_ASSERTIONS = NO;
				ENABLE_STRICT_OBJC_MSGSEND = YES;
				GCC_C_LANGUAGE_STANDARD = gnu99;
				GCC_NO_COMMON_BLOCKS = YES;
				GCC_WARN_64_TO_32_BIT_CONVERSION = YES;
				GCC_WARN_ABOUT_RETURN_TYPE = YES_ERROR;
				GCC_WARN_UNDECLARED_SELECTOR = YES;
				GCC_WARN_UNINITIALIZED_AUTOS = YES_AGGRESSIVE;
				GCC_WARN_UNUSED_FUNCTION = YES;
				GCC_WARN_UNUSED_VARIABLE = YES;
				IPHONEOS_DEPLOYMENT_TARGET = 10.3;
				MTL_ENABLE_DEBUG_INFO = NO;
				SDKROOT = iphoneos;
				SWIFT_OPTIMIZATION_LEVEL = "-Owholemodule";
				TARGETED_DEVICE_FAMILY = "1,2";
				VALIDATE_PRODUCT = YES;
			};
			name = Release;
		};
		62DE062C1F6E9D5800D7CA13 /* Debug */ = {
			isa = XCBuildConfiguration;
			buildSettings = {
				ASSETCATALOG_COMPILER_APPICON_NAME = AppIcon;
				INFOPLIST_FILE = PitchPerfect/Info.plist;
				LD_RUNPATH_SEARCH_PATHS = "$(inherited) @executable_path/Frameworks";
				PRODUCT_BUNDLE_IDENTIFIER = com.jenniferliu.PitchPerfect;
				PRODUCT_NAME = "$(TARGET_NAME)";
				SWIFT_VERSION = 3.0;
			};
			name = Debug;
		};
		62DE062D1F6E9D5800D7CA13 /* Release */ = {
			isa = XCBuildConfiguration;
			buildSettings = {
				ASSETCATALOG_COMPILER_APPICON_NAME = AppIcon;
				INFOPLIST_FILE = PitchPerfect/Info.plist;
				LD_RUNPATH_SEARCH_PATHS = "$(inherited) @executable_path/Frameworks";
				PRODUCT_BUNDLE_IDENTIFIER = com.jenniferliu.PitchPerfect;
				PRODUCT_NAME = "$(TARGET_NAME)";
				SWIFT_VERSION = 3.0;
			};
			name = Release;
		};
/* End XCBuildConfiguration section */

/* Begin XCConfigurationList section */
		62DE06141F6E9D5800D7CA13 /* Build configuration list for PBXProject "PitchPerfect" */ = {
			isa = XCConfigurationList;
			buildConfigurations = (
				62DE06291F6E9D5800D7CA13 /* Debug */,
				62DE062A1F6E9D5800D7CA13 /* Release */,
			);
			defaultConfigurationIsVisible = 0;
			defaultConfigurationName = Release;
		};
		62DE062B1F6E9D5800D7CA13 /* Build configuration list for PBXNativeTarget "PitchPerfect" */ = {
			isa = XCConfigurationList;
			buildConfigurations = (
				62DE062C1F6E9D5800D7CA13 /* Debug */,
				62DE062D1F6E9D5800D7CA13 /* Release */,
			);
			defaultConfigurationIsVisible = 0;
			defaultConfigurationName = Release;
		};
/* End XCConfigurationList section */
	};
	rootObject = 62DE06111F6E9D5800D7CA13 /* Project object */;
}
